// !$*UTF8*$!
{
	archiveVersion = 1;
	classes = {
	};
	objectVersion = 46;
	objects = {

/* Begin PBXBuildFile section */
		5E0F976C1CCC631900CA9E52 /* Movie.swift in Sources */ = {isa = PBXBuildFile; fileRef = 5E0F976B1CCC631900CA9E52 /* Movie.swift */; };
		5E0F976E1CCC634400CA9E52 /* MovieStore.swift in Sources */ = {isa = PBXBuildFile; fileRef = 5E0F976D1CCC634400CA9E52 /* MovieStore.swift */; };
		5E0F97701CCC63CF00CA9E52 /* MovieAPI.swift in Sources */ = {isa = PBXBuildFile; fileRef = 5E0F976F1CCC63CF00CA9E52 /* MovieAPI.swift */; };
		5E0F97721CCC71D400CA9E52 /* MovieDataSource.swift in Sources */ = {isa = PBXBuildFile; fileRef = 5E0F97711CCC71D400CA9E52 /* MovieDataSource.swift */; };
		5E0F97741CCC760B00CA9E52 /* MovieCollectionViewCell.swift in Sources */ = {isa = PBXBuildFile; fileRef = 5E0F97731CCC760B00CA9E52 /* MovieCollectionViewCell.swift */; };
		5E76D70C1CD3C706005663AB /* MovieRatings.swift in Sources */ = {isa = PBXBuildFile; fileRef = 5E76D70B1CD3C706005663AB /* MovieRatings.swift */; };
		5E76D70E1CD3C715005663AB /* MovieDetails.swift in Sources */ = {isa = PBXBuildFile; fileRef = 5E76D70D1CD3C715005663AB /* MovieDetails.swift */; };
		5E99EB471CD9318A0039C539 /* WatchListStore.swift in Sources */ = {isa = PBXBuildFile; fileRef = 5E99EB461CD9318A0039C539 /* WatchListStore.swift */; };
		5E99EB491CD93A630039C539 /* WatchListCollectionViewCell.swift in Sources */ = {isa = PBXBuildFile; fileRef = 5E99EB481CD93A630039C539 /* WatchListCollectionViewCell.swift */; };
		5E99EB4B1CD93AA10039C539 /* WatchListCollectionView.swift in Sources */ = {isa = PBXBuildFile; fileRef = 5E99EB4A1CD93AA10039C539 /* WatchListCollectionView.swift */; };
		5E99EB4D1CD9450E0039C539 /* WatchListDataSource.swift in Sources */ = {isa = PBXBuildFile; fileRef = 5E99EB4C1CD9450E0039C539 /* WatchListDataSource.swift */; };
		5EA854D01CD6850200B59C12 /* SuggestionDataSource.swift in Sources */ = {isa = PBXBuildFile; fileRef = 5EA854CF1CD6850200B59C12 /* SuggestionDataSource.swift */; };
		5EA854D21CD68D0A00B59C12 /* SuggestionCollectionViewCell.swift in Sources */ = {isa = PBXBuildFile; fileRef = 5EA854D11CD68D0A00B59C12 /* SuggestionCollectionViewCell.swift */; };
		5EA854D41CD7049B00B59C12 /* WebViewController.swift in Sources */ = {isa = PBXBuildFile; fileRef = 5EA854D31CD7049B00B59C12 /* WebViewController.swift */; };
		5EC80C781CD8DF1D00FDE521 /* Main.storyboard in Resources */ = {isa = PBXBuildFile; fileRef = 5EC80C771CD8DF1D00FDE521 /* Main.storyboard */; };
		5EDBD7431CBDA172002A8416 /* DetailViewController.swift in Sources */ = {isa = PBXBuildFile; fileRef = 5EDBD7421CBDA172002A8416 /* DetailViewController.swift */; };
		6E9BFE0C1CBD9C3B0025B500 /* ImageCollectionController.swift in Sources */ = {isa = PBXBuildFile; fileRef = 6E9BFE0B1CBD9C3B0025B500 /* ImageCollectionController.swift */; };
		6EB8C8311CD82F2900F4CD95 /* SearchDataSource.swift in Sources */ = {isa = PBXBuildFile; fileRef = 6EB8C8301CD82F2900F4CD95 /* SearchDataSource.swift */; };
		6EB8C8331CD82FC000F4CD95 /* SearchCollectionViewCell.swift in Sources */ = {isa = PBXBuildFile; fileRef = 6EB8C8321CD82FC000F4CD95 /* SearchCollectionViewCell.swift */; };
		6EB8C83B1CD83D5700F4CD95 /* SearchImageCollectionController.swift in Sources */ = {isa = PBXBuildFile; fileRef = 6EB8C83A1CD83D5700F4CD95 /* SearchImageCollectionController.swift */; };
		6EB8C83D1CD91BA200F4CD95 /* WatchList.swift in Sources */ = {isa = PBXBuildFile; fileRef = 6EB8C83C1CD91BA200F4CD95 /* WatchList.swift */; };
		6EFDE19B1CBB460800248E9D /* AppDelegate.swift in Sources */ = {isa = PBXBuildFile; fileRef = 6EFDE19A1CBB460800248E9D /* AppDelegate.swift */; };
		6EFDE1A21CBB460800248E9D /* Assets.xcassets in Resources */ = {isa = PBXBuildFile; fileRef = 6EFDE1A11CBB460800248E9D /* Assets.xcassets */; };
		6EFDE1A51CBB460800248E9D /* LaunchScreen.storyboard in Resources */ = {isa = PBXBuildFile; fileRef = 6EFDE1A31CBB460800248E9D /* LaunchScreen.storyboard */; };
/* End PBXBuildFile section */

/* Begin PBXFileReference section */
		5E0F976B1CCC631900CA9E52 /* Movie.swift */ = {isa = PBXFileReference; fileEncoding = 4; lastKnownFileType = sourcecode.swift; path = Movie.swift; sourceTree = "<group>"; };
		5E0F976D1CCC634400CA9E52 /* MovieStore.swift */ = {isa = PBXFileReference; fileEncoding = 4; lastKnownFileType = sourcecode.swift; path = MovieStore.swift; sourceTree = "<group>"; };
		5E0F976F1CCC63CF00CA9E52 /* MovieAPI.swift */ = {isa = PBXFileReference; fileEncoding = 4; lastKnownFileType = sourcecode.swift; path = MovieAPI.swift; sourceTree = "<group>"; };
		5E0F97711CCC71D400CA9E52 /* MovieDataSource.swift */ = {isa = PBXFileReference; fileEncoding = 4; lastKnownFileType = sourcecode.swift; path = MovieDataSource.swift; sourceTree = "<group>"; };
		5E0F97731CCC760B00CA9E52 /* MovieCollectionViewCell.swift */ = {isa = PBXFileReference; fileEncoding = 4; lastKnownFileType = sourcecode.swift; path = MovieCollectionViewCell.swift; sourceTree = "<group>"; };
		5E76D70B1CD3C706005663AB /* MovieRatings.swift */ = {isa = PBXFileReference; fileEncoding = 4; lastKnownFileType = sourcecode.swift; path = MovieRatings.swift; sourceTree = "<group>"; };
		5E76D70D1CD3C715005663AB /* MovieDetails.swift */ = {isa = PBXFileReference; fileEncoding = 4; lastKnownFileType = sourcecode.swift; path = MovieDetails.swift; sourceTree = "<group>"; };
		5E99EB461CD9318A0039C539 /* WatchListStore.swift */ = {isa = PBXFileReference; fileEncoding = 4; lastKnownFileType = sourcecode.swift; path = WatchListStore.swift; sourceTree = "<group>"; };
		5E99EB481CD93A630039C539 /* WatchListCollectionViewCell.swift */ = {isa = PBXFileReference; fileEncoding = 4; lastKnownFileType = sourcecode.swift; path = WatchListCollectionViewCell.swift; sourceTree = "<group>"; };
		5E99EB4A1CD93AA10039C539 /* WatchListCollectionView.swift */ = {isa = PBXFileReference; fileEncoding = 4; lastKnownFileType = sourcecode.swift; path = WatchListCollectionView.swift; sourceTree = "<group>"; };
		5E99EB4C1CD9450E0039C539 /* WatchListDataSource.swift */ = {isa = PBXFileReference; fileEncoding = 4; lastKnownFileType = sourcecode.swift; path = WatchListDataSource.swift; sourceTree = "<group>"; };
		5EA854CF1CD6850200B59C12 /* SuggestionDataSource.swift */ = {isa = PBXFileReference; fileEncoding = 4; lastKnownFileType = sourcecode.swift; path = SuggestionDataSource.swift; sourceTree = "<group>"; };
		5EA854D11CD68D0A00B59C12 /* SuggestionCollectionViewCell.swift */ = {isa = PBXFileReference; fileEncoding = 4; lastKnownFileType = sourcecode.swift; path = SuggestionCollectionViewCell.swift; sourceTree = "<group>"; };
		5EA854D31CD7049B00B59C12 /* WebViewController.swift */ = {isa = PBXFileReference; fileEncoding = 4; lastKnownFileType = sourcecode.swift; path = WebViewController.swift; sourceTree = "<group>"; };
		5EC80C771CD8DF1D00FDE521 /* Main.storyboard */ = {isa = PBXFileReference; fileEncoding = 4; lastKnownFileType = file.storyboard; path = Main.storyboard; sourceTree = "<group>"; };
		5EDBD7421CBDA172002A8416 /* DetailViewController.swift */ = {isa = PBXFileReference; fileEncoding = 4; lastKnownFileType = sourcecode.swift; path = DetailViewController.swift; sourceTree = "<group>"; };
		6E9BFE0B1CBD9C3B0025B500 /* ImageCollectionController.swift */ = {isa = PBXFileReference; fileEncoding = 4; lastKnownFileType = sourcecode.swift; path = ImageCollectionController.swift; sourceTree = "<group>"; };
		6EB8C8301CD82F2900F4CD95 /* SearchDataSource.swift */ = {isa = PBXFileReference; fileEncoding = 4; lastKnownFileType = sourcecode.swift; path = SearchDataSource.swift; sourceTree = "<group>"; };
		6EB8C8321CD82FC000F4CD95 /* SearchCollectionViewCell.swift */ = {isa = PBXFileReference; fileEncoding = 4; lastKnownFileType = sourcecode.swift; path = SearchCollectionViewCell.swift; sourceTree = "<group>"; };
		6EB8C83A1CD83D5700F4CD95 /* SearchImageCollectionController.swift */ = {isa = PBXFileReference; fileEncoding = 4; lastKnownFileType = sourcecode.swift; path = SearchImageCollectionController.swift; sourceTree = "<group>"; };
		6EB8C83C1CD91BA200F4CD95 /* WatchList.swift */ = {isa = PBXFileReference; fileEncoding = 4; lastKnownFileType = sourcecode.swift; path = WatchList.swift; sourceTree = "<group>"; };
		6EFDE1971CBB460800248E9D /* Spotlight.app */ = {isa = PBXFileReference; explicitFileType = wrapper.application; includeInIndex = 0; path = Spotlight.app; sourceTree = BUILT_PRODUCTS_DIR; };
		6EFDE19A1CBB460800248E9D /* AppDelegate.swift */ = {isa = PBXFileReference; lastKnownFileType = sourcecode.swift; path = AppDelegate.swift; sourceTree = "<group>"; };
		6EFDE1A11CBB460800248E9D /* Assets.xcassets */ = {isa = PBXFileReference; lastKnownFileType = folder.assetcatalog; path = Assets.xcassets; sourceTree = "<group>"; };
		6EFDE1A41CBB460800248E9D /* Base */ = {isa = PBXFileReference; lastKnownFileType = file.storyboard; name = Base; path = Base.lproj/LaunchScreen.storyboard; sourceTree = "<group>"; };
		6EFDE1A61CBB460800248E9D /* Info.plist */ = {isa = PBXFileReference; lastKnownFileType = text.plist.xml; path = Info.plist; sourceTree = "<group>"; };
/* End PBXFileReference section */

/* Begin PBXFrameworksBuildPhase section */
		6EFDE1941CBB460800248E9D /* Frameworks */ = {
			isa = PBXFrameworksBuildPhase;
			buildActionMask = 2147483647;
			files = (
			);
			runOnlyForDeploymentPostprocessing = 0;
		};
/* End PBXFrameworksBuildPhase section */

/* Begin PBXGroup section */
		6EFDE18E1CBB460800248E9D = {
			isa = PBXGroup;
			children = (
				6EFDE1991CBB460800248E9D /* Spotlight */,
				6EFDE1981CBB460800248E9D /* Products */,
			);
			sourceTree = "<group>";
		};
		6EFDE1981CBB460800248E9D /* Products */ = {
			isa = PBXGroup;
			children = (
				6EFDE1971CBB460800248E9D /* Spotlight.app */,
			);
			name = Products;
			sourceTree = "<group>";
		};
		6EFDE1991CBB460800248E9D /* Spotlight */ = {
			isa = PBXGroup;
			children = (
				6EFDE1A11CBB460800248E9D /* Assets.xcassets */,
				6EFDE19A1CBB460800248E9D /* AppDelegate.swift */,
				5EC80C771CD8DF1D00FDE521 /* Main.storyboard */,
				6EFDE1A31CBB460800248E9D /* LaunchScreen.storyboard */,
				5E0F976B1CCC631900CA9E52 /* Movie.swift */,
				5E76D70D1CD3C715005663AB /* MovieDetails.swift */,
				5E76D70B1CD3C706005663AB /* MovieRatings.swift */,
				5E0F976D1CCC634400CA9E52 /* MovieStore.swift */,
				5E0F976F1CCC63CF00CA9E52 /* MovieAPI.swift */,
				5E0F97711CCC71D400CA9E52 /* MovieDataSource.swift */,
				5E0F97731CCC760B00CA9E52 /* MovieCollectionViewCell.swift */,
				6E9BFE0B1CBD9C3B0025B500 /* ImageCollectionController.swift */,
				6EB8C83C1CD91BA200F4CD95 /* WatchList.swift */,
				5E99EB461CD9318A0039C539 /* WatchListStore.swift */,
				5EDBD7421CBDA172002A8416 /* DetailViewController.swift */,
				5E99EB4C1CD9450E0039C539 /* WatchListDataSource.swift */,
				5E99EB4A1CD93AA10039C539 /* WatchListCollectionView.swift */,
				5E99EB481CD93A630039C539 /* WatchListCollectionViewCell.swift */,
				6EB8C8301CD82F2900F4CD95 /* SearchDataSource.swift */,
				6EB8C8321CD82FC000F4CD95 /* SearchCollectionViewCell.swift */,
				6EB8C83A1CD83D5700F4CD95 /* SearchImageCollectionController.swift */,
				5EA854D31CD7049B00B59C12 /* WebViewController.swift */,
				5EA854D11CD68D0A00B59C12 /* SuggestionCollectionViewCell.swift */,
				5EA854CF1CD6850200B59C12 /* SuggestionDataSource.swift */,
				6EFDE1A61CBB460800248E9D /* Info.plist */,
			);
			path = Spotlight;
			sourceTree = "<group>";
		};
/* End PBXGroup section */

/* Begin PBXNativeTarget section */
		6EFDE1961CBB460800248E9D /* Spotlight */ = {
			isa = PBXNativeTarget;
			buildConfigurationList = 6EFDE1A91CBB460800248E9D /* Build configuration list for PBXNativeTarget "Spotlight" */;
			buildPhases = (
				6EFDE1931CBB460800248E9D /* Sources */,
				6EFDE1941CBB460800248E9D /* Frameworks */,
				6EFDE1951CBB460800248E9D /* Resources */,
			);
			buildRules = (
			);
			dependencies = (
			);
			name = Spotlight;
			productName = Spotlight;
			productReference = 6EFDE1971CBB460800248E9D /* Spotlight.app */;
			productType = "com.apple.product-type.application";
		};
/* End PBXNativeTarget section */

/* Begin PBXProject section */
		6EFDE18F1CBB460800248E9D /* Project object */ = {
			isa = PBXProject;
			attributes = {
				LastSwiftUpdateCheck = 0730;
				LastUpgradeCheck = 0730;
				ORGANIZATIONNAME = "Keval Shah";
				TargetAttributes = {
					6EFDE1961CBB460800248E9D = {
						CreatedOnToolsVersion = 7.3;
						DevelopmentTeam = 6WLKTW8RY2;
					};
				};
			};
			buildConfigurationList = 6EFDE1921CBB460800248E9D /* Build configuration list for PBXProject "Spotlight" */;
			compatibilityVersion = "Xcode 3.2";
			developmentRegion = English;
			hasScannedForEncodings = 0;
			knownRegions = (
				en,
				Base,
			);
			mainGroup = 6EFDE18E1CBB460800248E9D;
			productRefGroup = 6EFDE1981CBB460800248E9D /* Products */;
			projectDirPath = "";
			projectRoot = "";
			targets = (
				6EFDE1961CBB460800248E9D /* Spotlight */,
			);
		};
/* End PBXProject section */

/* Begin PBXResourcesBuildPhase section */
		6EFDE1951CBB460800248E9D /* Resources */ = {
			isa = PBXResourcesBuildPhase;
			buildActionMask = 2147483647;
			files = (
				5EC80C781CD8DF1D00FDE521 /* Main.storyboard in Resources */,
				6EFDE1A51CBB460800248E9D /* LaunchScreen.storyboard in Resources */,
				6EFDE1A21CBB460800248E9D /* Assets.xcassets in Resources */,
			);
			runOnlyForDeploymentPostprocessing = 0;
		};
/* End PBXResourcesBuildPhase section */

/* Begin PBXSourcesBuildPhase section */
		6EFDE1931CBB460800248E9D /* Sources */ = {
			isa = PBXSourcesBuildPhase;
			buildActionMask = 2147483647;
			files = (
				5E99EB4B1CD93AA10039C539 /* WatchListCollectionView.swift in Sources */,
				5E76D70C1CD3C706005663AB /* MovieRatings.swift in Sources */,
				6EB8C83B1CD83D5700F4CD95 /* SearchImageCollectionController.swift in Sources */,
				5E99EB4D1CD9450E0039C539 /* WatchListDataSource.swift in Sources */,
				5E0F97701CCC63CF00CA9E52 /* MovieAPI.swift in Sources */,
				6EFDE19B1CBB460800248E9D /* AppDelegate.swift in Sources */,
				6EB8C83D1CD91BA200F4CD95 /* WatchList.swift in Sources */,
				5E0F97721CCC71D400CA9E52 /* MovieDataSource.swift in Sources */,
				5E76D70E1CD3C715005663AB /* MovieDetails.swift in Sources */,
				6EB8C8331CD82FC000F4CD95 /* SearchCollectionViewCell.swift in Sources */,
				6EB8C8311CD82F2900F4CD95 /* SearchDataSource.swift in Sources */,
				5E99EB491CD93A630039C539 /* WatchListCollectionViewCell.swift in Sources */,
				6E9BFE0C1CBD9C3B0025B500 /* ImageCollectionController.swift in Sources */,
				5EDBD7431CBDA172002A8416 /* DetailViewController.swift in Sources */,
				5EA854D01CD6850200B59C12 /* SuggestionDataSource.swift in Sources */,
				5EA854D21CD68D0A00B59C12 /* SuggestionCollectionViewCell.swift in Sources */,
				5E99EB471CD9318A0039C539 /* WatchListStore.swift in Sources */,
				5E0F97741CCC760B00CA9E52 /* MovieCollectionViewCell.swift in Sources */,
				5EA854D41CD7049B00B59C12 /* WebViewController.swift in Sources */,
				5E0F976E1CCC634400CA9E52 /* MovieStore.swift in Sources */,
				5E0F976C1CCC631900CA9E52 /* Movie.swift in Sources */,
			);
			runOnlyForDeploymentPostprocessing = 0;
		};
/* End PBXSourcesBuildPhase section */

/* Begin PBXVariantGroup section */
		6EFDE1A31CBB460800248E9D /* LaunchScreen.storyboard */ = {
			isa = PBXVariantGroup;
			children = (
				6EFDE1A41CBB460800248E9D /* Base */,
			);
			name = LaunchScreen.storyboard;
			sourceTree = "<group>";
		};
/* End PBXVariantGroup section */

/* Begin XCBuildConfiguration section */
		6EFDE1A71CBB460800248E9D /* Debug */ = {
			isa = XCBuildConfiguration;
			buildSettings = {
				ALWAYS_SEARCH_USER_PATHS = NO;
				CLANG_ANALYZER_NONNULL = YES;
				CLANG_CXX_LANGUAGE_STANDARD = "gnu++0x";
				CLANG_CXX_LIBRARY = "libc++";
				CLANG_ENABLE_MODULES = YES;
				CLANG_ENABLE_OBJC_ARC = YES;
				CLANG_WARN_BOOL_CONVERSION = YES;
				CLANG_WARN_CONSTANT_CONVERSION = YES;
				CLANG_WARN_DIRECT_OBJC_ISA_USAGE = YES_ERROR;
				CLANG_WARN_EMPTY_BODY = YES;
				CLANG_WARN_ENUM_CONVERSION = YES;
				CLANG_WARN_INT_CONVERSION = YES;
				CLANG_WARN_OBJC_ROOT_CLASS = YES_ERROR;
				CLANG_WARN_UNREACHABLE_CODE = YES;
				CLANG_WARN__DUPLICATE_METHOD_MATCH = YES;
				"CODE_SIGN_IDENTITY[sdk=iphoneos*]" = "iPhone Developer";
				COPY_PHASE_STRIP = NO;
				DEBUG_INFORMATION_FORMAT = dwarf;
				ENABLE_STRICT_OBJC_MSGSEND = YES;
				ENABLE_TESTABILITY = YES;
				GCC_C_LANGUAGE_STANDARD = gnu99;
				GCC_DYNAMIC_NO_PIC = NO;
				GCC_NO_COMMON_BLOCKS = YES;
				GCC_OPTIMIZATION_LEVEL = 0;
				GCC_PREPROCESSOR_DEFINITIONS = (
					"DEBUG=1",
					"$(inherited)",
				);
				GCC_WARN_64_TO_32_BIT_CONVERSION = YES;
				GCC_WARN_ABOUT_RETURN_TYPE = YES_ERROR;
				GCC_WARN_UNDECLARED_SELECTOR = YES;
				GCC_WARN_UNINITIALIZED_AUTOS = YES_AGGRESSIVE;
				GCC_WARN_UNUSED_FUNCTION = YES;
				GCC_WARN_UNUSED_VARIABLE = YES;
				IPHONEOS_DEPLOYMENT_TARGET = 9.3;
				MTL_ENABLE_DEBUG_INFO = YES;
				ONLY_ACTIVE_ARCH = YES;
				SDKROOT = iphoneos;
				SWIFT_OPTIMIZATION_LEVEL = "-Onone";
			};
			name = Debug;
		};
		6EFDE1A81CBB460800248E9D /* Release */ = {
			isa = XCBuildConfiguration;
			buildSettings = {
				ALWAYS_SEARCH_USER_PATHS = NO;
				CLANG_ANALYZER_NONNULL = YES;
				CLANG_CXX_LANGUAGE_STANDARD = "gnu++0x";
				CLANG_CXX_LIBRARY = "libc++";
				CLANG_ENABLE_MODULES = YES;
				CLANG_ENABLE_OBJC_ARC = YES;
				CLANG_WARN_BOOL_CONVERSION = YES;
				CLANG_WARN_CONSTANT_CONVERSION = YES;
				CLANG_WARN_DIRECT_OBJC_ISA_USAGE = YES_ERROR;
				CLANG_WARN_EMPTY_BODY = YES;
				CLANG_WARN_ENUM_CONVERSION = YES;
				CLANG_WARN_INT_CONVERSION = YES;
				CLANG_WARN_OBJC_ROOT_CLASS = YES_ERROR;
				CLANG_WARN_UNREACHABLE_CODE = YES;
				CLANG_WARN__DUPLICATE_METHOD_MATCH = YES;
				"CODE_SIGN_IDENTITY[sdk=iphoneos*]" = "iPhone Developer";
				COPY_PHASE_STRIP = NO;
				DEBUG_INFORMATION_FORMAT = "dwarf-with-dsym";
				ENABLE_NS_ASSERTIONS = NO;
				ENABLE_STRICT_OBJC_MSGSEND = YES;
				GCC_C_LANGUAGE_STANDARD = gnu99;
				GCC_NO_COMMON_BLOCKS = YES;
				GCC_WARN_64_TO_32_BIT_CONVERSION = YES;
				GCC_WARN_ABOUT_RETURN_TYPE = YES_ERROR;
				GCC_WARN_UNDECLARED_SELECTOR = YES;
				GCC_WARN_UNINITIALIZED_AUTOS = YES_AGGRESSIVE;
				GCC_WARN_UNUSED_FUNCTION = YES;
				GCC_WARN_UNUSED_VARIABLE = YES;
				IPHONEOS_DEPLOYMENT_TARGET = 9.3;
				MTL_ENABLE_DEBUG_INFO = NO;
				SDKROOT = iphoneos;
				VALIDATE_PRODUCT = YES;
			};
			name = Release;
		};
		6EFDE1AA1CBB460800248E9D /* Debug */ = {
			isa = XCBuildConfiguration;
			buildSettings = {
				ASSETCATALOG_COMPILER_APPICON_NAME = AppIcon;
				CODE_SIGN_IDENTITY = "iPhone Developer";
				"CODE_SIGN_IDENTITY[sdk=iphoneos*]" = "iPhone Developer";
				INFOPLIST_FILE = Spotlight/Info.plist;
				LD_RUNPATH_SEARCH_PATHS = "$(inherited) @executable_path/Frameworks";
				PRODUCT_BUNDLE_IDENTIFIER = kevios9103.Spotlight;
				PRODUCT_NAME = "$(TARGET_NAME)";
				PROVISIONING_PROFILE = "";
			};
			name = Debug;
		};
		6EFDE1AB1CBB460800248E9D /* Release */ = {
			isa = XCBuildConfiguration;
			buildSettings = {
				ASSETCATALOG_COMPILER_APPICON_NAME = AppIcon;
				CODE_SIGN_IDENTITY = "iPhone Developer";
				"CODE_SIGN_IDENTITY[sdk=iphoneos*]" = "iPhone Developer";
				INFOPLIST_FILE = Spotlight/Info.plist;
				LD_RUNPATH_SEARCH_PATHS = "$(inherited) @executable_path/Frameworks";
				PRODUCT_BUNDLE_IDENTIFIER = kevios9103.Spotlight;
				PRODUCT_NAME = "$(TARGET_NAME)";
				PROVISIONING_PROFILE = "";
			};
			name = Release;
		};
/* End XCBuildConfiguration section */

/* Begin XCConfigurationList section */
		6EFDE1921CBB460800248E9D /* Build configuration list for PBXProject "Spotlight" */ = {
			isa = XCConfigurationList;
			buildConfigurations = (
				6EFDE1A71CBB460800248E9D /* Debug */,
				6EFDE1A81CBB460800248E9D /* Release */,
			);
			defaultConfigurationIsVisible = 0;
			defaultConfigurationName = Release;
		};
		6EFDE1A91CBB460800248E9D /* Build configuration list for PBXNativeTarget "Spotlight" */ = {
			isa = XCConfigurationList;
			buildConfigurations = (
				6EFDE1AA1CBB460800248E9D /* Debug */,
				6EFDE1AB1CBB460800248E9D /* Release */,
			);
			defaultConfigurationIsVisible = 0;
			defaultConfigurationName = Release;
		};
/* End XCConfigurationList section */
	};
	rootObject = 6EFDE18F1CBB460800248E9D /* Project object */;
}
